
Microsoft Visual Studio Solution File, Format Version 12.00
# Visual Studio Version 16
VisualStudioVersion = 16.0.31112.23
MinimumVisualStudioVersion = 10.0.40219.1
Project("{FAE04EC0-301F-11D3-BF4B-00C04F79EFBC}") = "AppPendientes", "AppPendientes\AppPendientes.csproj", "{E208D3CD-94C9-4D96-BCAB-87B33083E353}"
EndProject
Global
	GlobalSection(SolutionConfigurationPlatforms) = preSolution
		Debug|Any CPU = Debug|Any CPU
		Release|Any CPU = Release|Any CPU
	EndGlobalSection
	GlobalSection(ProjectConfigurationPlatforms) = postSolution
		{E208D3CD-94C9-4D96-BCAB-87B33083E353}.Debug|Any CPU.ActiveCfg = Debug|Any CPU
		{E208D3CD-94C9-4D96-BCAB-87B33083E353}.Debug|Any CPU.Build.0 = Debug|Any CPU
		{E208D3CD-94C9-4D96-BCAB-87B33083E353}.Release|Any CPU.ActiveCfg = Release|Any CPU
		{E208D3CD-94C9-4D96-BCAB-87B33083E353}.Release|Any CPU.Build.0 = Release|Any CPU
	EndGlobalSection
	GlobalSection(SolutionProperties) = preSolution
		HideSolutionNode = FALSE
	EndGlobalSection
	GlobalSection(ExtensibilityGlobals) = postSolution
		SolutionGuid = {32CD0ECD-1D26-4E39-A9AB-2DFE7E29244B}
	EndGlobalSection
EndGlobal
